
Microsoft Visual Studio Solution File, Format Version 12.00
# Visual Studio Version 17
VisualStudioVersion = 17.0.31903.59
MinimumVisualStudioVersion = 10.0.40219.1
Project("{2150E333-8FDC-42A3-9474-1A3956D46DE8}") = "src", "src", "{827E0CD3-B72D-47B6-A68D-7590B98EB39B}"
EndProject
Project("{FAE04EC0-301F-11D3-BF4B-00C04F79EFBC}") = "Briscola.Tests", "src\Briscola.Tests\Briscola.Tests.csproj", "{21609DBF-5140-4A40-A6CE-5D475077B208}"
EndProject
Project("{FAE04EC0-301F-11D3-BF4B-00C04F79EFBC}") = "Briscola.Domain", "src\Briscola.Domain\Briscola.Domain.csproj", "{CF976813-AC48-4BDE-AFA8-14550EF0B2E8}"
EndProject
Project("{FAE04EC0-301F-11D3-BF4B-00C04F79EFBC}") = "Briscola.Controller", "src\Briscola.Controller\Briscola.Controller.csproj", "{6E5FC8FA-4807-44C3-A125-322841B2F0D2}"
EndProject
Project("{FAE04EC0-301F-11D3-BF4B-00C04F79EFBC}") = "Briscola.View", "src\Briscola.View\Briscola.View.csproj", "{A4D9A4B7-FF69-4A30-A847-C3B0BB3F09A0}"
EndProject
Project("{FAE04EC0-301F-11D3-BF4B-00C04F79EFBC}") = "Briscola.Persistence", "src\Briscola.Persistence\Briscola.Persistence.csproj", "{6B3AE628-FECE-4A65-A3E8-22BBE0ED1C55}"
EndProject
Global
	GlobalSection(SolutionConfigurationPlatforms) = preSolution
		Debug|Any CPU = Debug|Any CPU
		Debug|x64 = Debug|x64
		Debug|x86 = Debug|x86
		Release|Any CPU = Release|Any CPU
		Release|x64 = Release|x64
		Release|x86 = Release|x86
	EndGlobalSection
	GlobalSection(ProjectConfigurationPlatforms) = postSolution
		{21609DBF-5140-4A40-A6CE-5D475077B208}.Debug|Any CPU.ActiveCfg = Debug|Any CPU
		{21609DBF-5140-4A40-A6CE-5D475077B208}.Debug|Any CPU.Build.0 = Debug|Any CPU
		{21609DBF-5140-4A40-A6CE-5D475077B208}.Debug|x64.ActiveCfg = Debug|Any CPU
		{21609DBF-5140-4A40-A6CE-5D475077B208}.Debug|x64.Build.0 = Debug|Any CPU
		{21609DBF-5140-4A40-A6CE-5D475077B208}.Debug|x86.ActiveCfg = Debug|Any CPU
		{21609DBF-5140-4A40-A6CE-5D475077B208}.Debug|x86.Build.0 = Debug|Any CPU
		{21609DBF-5140-4A40-A6CE-5D475077B208}.Release|Any CPU.ActiveCfg = Release|Any CPU
		{21609DBF-5140-4A40-A6CE-5D475077B208}.Release|Any CPU.Build.0 = Release|Any CPU
		{21609DBF-5140-4A40-A6CE-5D475077B208}.Release|x64.ActiveCfg = Release|Any CPU
		{21609DBF-5140-4A40-A6CE-5D475077B208}.Release|x64.Build.0 = Release|Any CPU
		{21609DBF-5140-4A40-A6CE-5D475077B208}.Release|x86.ActiveCfg = Release|Any CPU
		{21609DBF-5140-4A40-A6CE-5D475077B208}.Release|x86.Build.0 = Release|Any CPU
		{CF976813-AC48-4BDE-AFA8-14550EF0B2E8}.Debug|Any CPU.ActiveCfg = Debug|Any CPU
		{CF976813-AC48-4BDE-AFA8-14550EF0B2E8}.Debug|Any CPU.Build.0 = Debug|Any CPU
		{CF976813-AC48-4BDE-AFA8-14550EF0B2E8}.Debug|x64.ActiveCfg = Debug|Any CPU
		{CF976813-AC48-4BDE-AFA8-14550EF0B2E8}.Debug|x64.Build.0 = Debug|Any CPU
		{CF976813-AC48-4BDE-AFA8-14550EF0B2E8}.Debug|x86.ActiveCfg = Debug|Any CPU
		{CF976813-AC48-4BDE-AFA8-14550EF0B2E8}.Debug|x86.Build.0 = Debug|Any CPU
		{CF976813-AC48-4BDE-AFA8-14550EF0B2E8}.Release|Any CPU.ActiveCfg = Release|Any CPU
		{CF976813-AC48-4BDE-AFA8-14550EF0B2E8}.Release|Any CPU.Build.0 = Release|Any CPU
		{CF976813-AC48-4BDE-AFA8-14550EF0B2E8}.Release|x64.ActiveCfg = Release|Any CPU
		{CF976813-AC48-4BDE-AFA8-14550EF0B2E8}.Release|x64.Build.0 = Release|Any CPU
		{CF976813-AC48-4BDE-AFA8-14550EF0B2E8}.Release|x86.ActiveCfg = Release|Any CPU
		{CF976813-AC48-4BDE-AFA8-14550EF0B2E8}.Release|x86.Build.0 = Release|Any CPU
		{6E5FC8FA-4807-44C3-A125-322841B2F0D2}.Debug|Any CPU.ActiveCfg = Debug|Any CPU
		{6E5FC8FA-4807-44C3-A125-322841B2F0D2}.Debug|Any CPU.Build.0 = Debug|Any CPU
		{6E5FC8FA-4807-44C3-A125-322841B2F0D2}.Debug|x64.ActiveCfg = Debug|Any CPU
		{6E5FC8FA-4807-44C3-A125-322841B2F0D2}.Debug|x64.Build.0 = Debug|Any CPU
		{6E5FC8FA-4807-44C3-A125-322841B2F0D2}.Debug|x86.ActiveCfg = Debug|Any CPU
		{6E5FC8FA-4807-44C3-A125-322841B2F0D2}.Debug|x86.Build.0 = Debug|Any CPU
		{6E5FC8FA-4807-44C3-A125-322841B2F0D2}.Release|Any CPU.ActiveCfg = Release|Any CPU
		{6E5FC8FA-4807-44C3-A125-322841B2F0D2}.Release|Any CPU.Build.0 = Release|Any CPU
		{6E5FC8FA-4807-44C3-A125-322841B2F0D2}.Release|x64.ActiveCfg = Release|Any CPU
		{6E5FC8FA-4807-44C3-A125-322841B2F0D2}.Release|x64.Build.0 = Release|Any CPU
		{6E5FC8FA-4807-44C3-A125-322841B2F0D2}.Release|x86.ActiveCfg = Release|Any CPU
		{6E5FC8FA-4807-44C3-A125-322841B2F0D2}.Release|x86.Build.0 = Release|Any CPU
		{A4D9A4B7-FF69-4A30-A847-C3B0BB3F09A0}.Debug|Any CPU.ActiveCfg = Debug|Any CPU
		{A4D9A4B7-FF69-4A30-A847-C3B0BB3F09A0}.Debug|Any CPU.Build.0 = Debug|Any CPU
		{A4D9A4B7-FF69-4A30-A847-C3B0BB3F09A0}.Debug|x64.ActiveCfg = Debug|Any CPU
		{A4D9A4B7-FF69-4A30-A847-C3B0BB3F09A0}.Debug|x64.Build.0 = Debug|Any CPU
		{A4D9A4B7-FF69-4A30-A847-C3B0BB3F09A0}.Debug|x86.ActiveCfg = Debug|Any CPU
		{A4D9A4B7-FF69-4A30-A847-C3B0BB3F09A0}.Debug|x86.Build.0 = Debug|Any CPU
		{A4D9A4B7-FF69-4A30-A847-C3B0BB3F09A0}.Release|Any CPU.ActiveCfg = Release|Any CPU
		{A4D9A4B7-FF69-4A30-A847-C3B0BB3F09A0}.Release|Any CPU.Build.0 = Release|Any CPU
		{A4D9A4B7-FF69-4A30-A847-C3B0BB3F09A0}.Release|x64.ActiveCfg = Release|Any CPU
		{A4D9A4B7-FF69-4A30-A847-C3B0BB3F09A0}.Release|x64.Build.0 = Release|Any CPU
		{A4D9A4B7-FF69-4A30-A847-C3B0BB3F09A0}.Release|x86.ActiveCfg = Release|Any CPU
		{A4D9A4B7-FF69-4A30-A847-C3B0BB3F09A0}.Release|x86.Build.0 = Release|Any CPU
		{6B3AE628-FECE-4A65-A3E8-22BBE0ED1C55}.Debug|Any CPU.ActiveCfg = Debug|Any CPU
		{6B3AE628-FECE-4A65-A3E8-22BBE0ED1C55}.Debug|Any CPU.Build.0 = Debug|Any CPU
		{6B3AE628-FECE-4A65-A3E8-22BBE0ED1C55}.Debug|x64.ActiveCfg = Debug|Any CPU
		{6B3AE628-FECE-4A65-A3E8-22BBE0ED1C55}.Debug|x64.Build.0 = Debug|Any CPU
		{6B3AE628-FECE-4A65-A3E8-22BBE0ED1C55}.Debug|x86.ActiveCfg = Debug|Any CPU
		{6B3AE628-FECE-4A65-A3E8-22BBE0ED1C55}.Debug|x86.Build.0 = Debug|Any CPU
		{6B3AE628-FECE-4A65-A3E8-22BBE0ED1C55}.Release|Any CPU.ActiveCfg = Release|Any CPU
		{6B3AE628-FECE-4A65-A3E8-22BBE0ED1C55}.Release|Any CPU.Build.0 = Release|Any CPU
		{6B3AE628-FECE-4A65-A3E8-22BBE0ED1C55}.Release|x64.ActiveCfg = Release|Any CPU
		{6B3AE628-FECE-4A65-A3E8-22BBE0ED1C55}.Release|x64.Build.0 = Release|Any CPU
		{6B3AE628-FECE-4A65-A3E8-22BBE0ED1C55}.Release|x86.ActiveCfg = Release|Any CPU
		{6B3AE628-FECE-4A65-A3E8-22BBE0ED1C55}.Release|x86.Build.0 = Release|Any CPU
	EndGlobalSection
	GlobalSection(SolutionProperties) = preSolution
		HideSolutionNode = FALSE
	EndGlobalSection
	GlobalSection(NestedProjects) = preSolution
		{21609DBF-5140-4A40-A6CE-5D475077B208} = {827E0CD3-B72D-47B6-A68D-7590B98EB39B}
		{CF976813-AC48-4BDE-AFA8-14550EF0B2E8} = {827E0CD3-B72D-47B6-A68D-7590B98EB39B}
		{6E5FC8FA-4807-44C3-A125-322841B2F0D2} = {827E0CD3-B72D-47B6-A68D-7590B98EB39B}
		{A4D9A4B7-FF69-4A30-A847-C3B0BB3F09A0} = {827E0CD3-B72D-47B6-A68D-7590B98EB39B}
		{6B3AE628-FECE-4A65-A3E8-22BBE0ED1C55} = {827E0CD3-B72D-47B6-A68D-7590B98EB39B}
	EndGlobalSection
EndGlobal
